// !$*UTF8*$!
{
	archiveVersion = 1;
	classes = {
	};
	objectVersion = 46;
	objects = {

/* Begin PBXBuildFile section */
		BB2CFFE96253344BD4D0511C /* Pods_JMFShowcase.framework in Frameworks */ = {isa = PBXBuildFile; fileRef = 8B7414D1B7C129FACE5ED0AB /* Pods_JMFShowcase.framework */; };
		D039E2A01BD53FA800E815EC /* MyCache.swift in Sources */ = {isa = PBXBuildFile; fileRef = D039E29F1BD53FA800E815EC /* MyCache.swift */; settings = {ASSET_TAGS = (); }; };
		D049680B1BD12E69006E11CB /* AppDelegate.swift in Sources */ = {isa = PBXBuildFile; fileRef = D049680A1BD12E69006E11CB /* AppDelegate.swift */; };
		D049680D1BD12E69006E11CB /* ViewController.swift in Sources */ = {isa = PBXBuildFile; fileRef = D049680C1BD12E69006E11CB /* ViewController.swift */; };
		D04968101BD12E69006E11CB /* Main.storyboard in Resources */ = {isa = PBXBuildFile; fileRef = D049680E1BD12E69006E11CB /* Main.storyboard */; };
		D04968121BD12E69006E11CB /* Assets.xcassets in Resources */ = {isa = PBXBuildFile; fileRef = D04968111BD12E69006E11CB /* Assets.xcassets */; };
		D04968151BD12E69006E11CB /* LaunchScreen.storyboard in Resources */ = {isa = PBXBuildFile; fileRef = D04968131BD12E69006E11CB /* LaunchScreen.storyboard */; };
		D04968241BD12EE6006E11CB /* NotoSans-Bold.ttf in Resources */ = {isa = PBXBuildFile; fileRef = D04968201BD12EE6006E11CB /* NotoSans-Bold.ttf */; settings = {ASSET_TAGS = (); }; };
		D04968251BD12EE6006E11CB /* NotoSans-BoldItalic.ttf in Resources */ = {isa = PBXBuildFile; fileRef = D04968211BD12EE6006E11CB /* NotoSans-BoldItalic.ttf */; settings = {ASSET_TAGS = (); }; };
		D04968261BD12EE6006E11CB /* NotoSans-Italic.ttf in Resources */ = {isa = PBXBuildFile; fileRef = D04968221BD12EE6006E11CB /* NotoSans-Italic.ttf */; settings = {ASSET_TAGS = (); }; };
		D04968271BD12EE6006E11CB /* NotoSans-Regular.ttf in Resources */ = {isa = PBXBuildFile; fileRef = D04968231BD12EE6006E11CB /* NotoSans-Regular.ttf */; settings = {ASSET_TAGS = (); }; };
		D04968291BD1347C006E11CB /* MaterialView.swift in Sources */ = {isa = PBXBuildFile; fileRef = D04968281BD1347C006E11CB /* MaterialView.swift */; settings = {ASSET_TAGS = (); }; };
		D049682E1BD13508006E11CB /* Constants.swift in Sources */ = {isa = PBXBuildFile; fileRef = D049682D1BD13508006E11CB /* Constants.swift */; settings = {ASSET_TAGS = (); }; };
		D04968301BD13C68006E11CB /* RoundedImage.swift in Sources */ = {isa = PBXBuildFile; fileRef = D049682F1BD13C68006E11CB /* RoundedImage.swift */; settings = {ASSET_TAGS = (); }; };
		D04968321BD13F13006E11CB /* MaterialButton.swift in Sources */ = {isa = PBXBuildFile; fileRef = D04968311BD13F13006E11CB /* MaterialButton.swift */; settings = {ASSET_TAGS = (); }; };
		D04968341BD14205006E11CB /* MaterialTextField.swift in Sources */ = {isa = PBXBuildFile; fileRef = D04968331BD14205006E11CB /* MaterialTextField.swift */; settings = {ASSET_TAGS = (); }; };
		D04968391BD15648006E11CB /* Bolts.framework in Frameworks */ = {isa = PBXBuildFile; fileRef = D04968361BD15648006E11CB /* Bolts.framework */; settings = {ASSET_TAGS = (); }; };
		D049683A1BD15648006E11CB /* FBSDKCoreKit.framework in Frameworks */ = {isa = PBXBuildFile; fileRef = D04968371BD15648006E11CB /* FBSDKCoreKit.framework */; settings = {ASSET_TAGS = (); }; };
		D049683B1BD15648006E11CB /* FBSDKLoginKit.framework in Frameworks */ = {isa = PBXBuildFile; fileRef = D04968381BD15648006E11CB /* FBSDKLoginKit.framework */; settings = {ASSET_TAGS = (); }; };
		D0FE7C0C1BD187B400F6DF5A /* DataService.swift in Sources */ = {isa = PBXBuildFile; fileRef = D0FE7C0B1BD187B400F6DF5A /* DataService.swift */; settings = {ASSET_TAGS = (); }; };
		D0FE7C0E1BD26CF700F6DF5A /* FeedVC.swift in Sources */ = {isa = PBXBuildFile; fileRef = D0FE7C0D1BD26CF700F6DF5A /* FeedVC.swift */; settings = {ASSET_TAGS = (); }; };
		D0FE7C101BD26DC600F6DF5A /* PostCell.swift in Sources */ = {isa = PBXBuildFile; fileRef = D0FE7C0F1BD26DC600F6DF5A /* PostCell.swift */; settings = {ASSET_TAGS = (); }; };
		D0FE7C121BD3EA3B00F6DF5A /* Post.swift in Sources */ = {isa = PBXBuildFile; fileRef = D0FE7C111BD3EA3B00F6DF5A /* Post.swift */; settings = {ASSET_TAGS = (); }; };
/* End PBXBuildFile section */

/* Begin PBXFileReference section */
		837AEF1AE48E5360366E7EB6 /* Pods-JMFShowcase.release.xcconfig */ = {isa = PBXFileReference; includeInIndex = 1; lastKnownFileType = text.xcconfig; name = "Pods-JMFShowcase.release.xcconfig"; path = "Pods/Target Support Files/Pods-JMFShowcase/Pods-JMFShowcase.release.xcconfig"; sourceTree = "<group>"; };
		8B7414D1B7C129FACE5ED0AB /* Pods_JMFShowcase.framework */ = {isa = PBXFileReference; explicitFileType = wrapper.framework; includeInIndex = 0; path = Pods_JMFShowcase.framework; sourceTree = BUILT_PRODUCTS_DIR; };
		D039E29F1BD53FA800E815EC /* MyCache.swift */ = {isa = PBXFileReference; fileEncoding = 4; lastKnownFileType = sourcecode.swift; path = MyCache.swift; sourceTree = "<group>"; };
		D04968071BD12E69006E11CB /* JMFShowcase.app */ = {isa = PBXFileReference; explicitFileType = wrapper.application; includeInIndex = 0; path = JMFShowcase.app; sourceTree = BUILT_PRODUCTS_DIR; };
		D049680A1BD12E69006E11CB /* AppDelegate.swift */ = {isa = PBXFileReference; lastKnownFileType = sourcecode.swift; path = AppDelegate.swift; sourceTree = "<group>"; };
		D049680C1BD12E69006E11CB /* ViewController.swift */ = {isa = PBXFileReference; lastKnownFileType = sourcecode.swift; path = ViewController.swift; sourceTree = "<group>"; };
		D049680F1BD12E69006E11CB /* Base */ = {isa = PBXFileReference; lastKnownFileType = file.storyboard; name = Base; path = Base.lproj/Main.storyboard; sourceTree = "<group>"; };
		D04968111BD12E69006E11CB /* Assets.xcassets */ = {isa = PBXFileReference; lastKnownFileType = folder.assetcatalog; path = Assets.xcassets; sourceTree = "<group>"; };
		D04968141BD12E69006E11CB /* Base */ = {isa = PBXFileReference; lastKnownFileType = file.storyboard; name = Base; path = Base.lproj/LaunchScreen.storyboard; sourceTree = "<group>"; };
		D04968161BD12E69006E11CB /* Info.plist */ = {isa = PBXFileReference; lastKnownFileType = text.plist.xml; path = Info.plist; sourceTree = "<group>"; };
		D04968201BD12EE6006E11CB /* NotoSans-Bold.ttf */ = {isa = PBXFileReference; lastKnownFileType = file; path = "NotoSans-Bold.ttf"; sourceTree = "<group>"; };
		D04968211BD12EE6006E11CB /* NotoSans-BoldItalic.ttf */ = {isa = PBXFileReference; lastKnownFileType = file; path = "NotoSans-BoldItalic.ttf"; sourceTree = "<group>"; };
		D04968221BD12EE6006E11CB /* NotoSans-Italic.ttf */ = {isa = PBXFileReference; lastKnownFileType = file; path = "NotoSans-Italic.ttf"; sourceTree = "<group>"; };
		D04968231BD12EE6006E11CB /* NotoSans-Regular.ttf */ = {isa = PBXFileReference; lastKnownFileType = file; path = "NotoSans-Regular.ttf"; sourceTree = "<group>"; };
		D04968281BD1347C006E11CB /* MaterialView.swift */ = {isa = PBXFileReference; fileEncoding = 4; lastKnownFileType = sourcecode.swift; path = MaterialView.swift; sourceTree = "<group>"; };
		D049682D1BD13508006E11CB /* Constants.swift */ = {isa = PBXFileReference; fileEncoding = 4; lastKnownFileType = sourcecode.swift; path = Constants.swift; sourceTree = "<group>"; };
		D049682F1BD13C68006E11CB /* RoundedImage.swift */ = {isa = PBXFileReference; fileEncoding = 4; lastKnownFileType = sourcecode.swift; path = RoundedImage.swift; sourceTree = "<group>"; };
		D04968311BD13F13006E11CB /* MaterialButton.swift */ = {isa = PBXFileReference; fileEncoding = 4; lastKnownFileType = sourcecode.swift; path = MaterialButton.swift; sourceTree = "<group>"; };
		D04968331BD14205006E11CB /* MaterialTextField.swift */ = {isa = PBXFileReference; fileEncoding = 4; lastKnownFileType = sourcecode.swift; path = MaterialTextField.swift; sourceTree = "<group>"; };
		D04968361BD15648006E11CB /* Bolts.framework */ = {isa = PBXFileReference; lastKnownFileType = wrapper.framework; path = Bolts.framework; sourceTree = "<group>"; };
		D04968371BD15648006E11CB /* FBSDKCoreKit.framework */ = {isa = PBXFileReference; lastKnownFileType = wrapper.framework; path = FBSDKCoreKit.framework; sourceTree = "<group>"; };
		D04968381BD15648006E11CB /* FBSDKLoginKit.framework */ = {isa = PBXFileReference; lastKnownFileType = wrapper.framework; path = FBSDKLoginKit.framework; sourceTree = "<group>"; };
		D0FE7C0B1BD187B400F6DF5A /* DataService.swift */ = {isa = PBXFileReference; fileEncoding = 4; lastKnownFileType = sourcecode.swift; path = DataService.swift; sourceTree = "<group>"; };
		D0FE7C0D1BD26CF700F6DF5A /* FeedVC.swift */ = {isa = PBXFileReference; fileEncoding = 4; lastKnownFileType = sourcecode.swift; path = FeedVC.swift; sourceTree = "<group>"; };
		D0FE7C0F1BD26DC600F6DF5A /* PostCell.swift */ = {isa = PBXFileReference; fileEncoding = 4; lastKnownFileType = sourcecode.swift; path = PostCell.swift; sourceTree = "<group>"; };
		D0FE7C111BD3EA3B00F6DF5A /* Post.swift */ = {isa = PBXFileReference; fileEncoding = 4; lastKnownFileType = sourcecode.swift; path = Post.swift; sourceTree = "<group>"; };
		FD4015BEAD81CC1BD1C6478C /* Pods-JMFShowcase.debug.xcconfig */ = {isa = PBXFileReference; includeInIndex = 1; lastKnownFileType = text.xcconfig; name = "Pods-JMFShowcase.debug.xcconfig"; path = "Pods/Target Support Files/Pods-JMFShowcase/Pods-JMFShowcase.debug.xcconfig"; sourceTree = "<group>"; };
/* End PBXFileReference section */

/* Begin PBXFrameworksBuildPhase section */
		D04968041BD12E69006E11CB /* Frameworks */ = {
			isa = PBXFrameworksBuildPhase;
			buildActionMask = 2147483647;
			files = (
				D04968391BD15648006E11CB /* Bolts.framework in Frameworks */,
				D049683A1BD15648006E11CB /* FBSDKCoreKit.framework in Frameworks */,
				D049683B1BD15648006E11CB /* FBSDKLoginKit.framework in Frameworks */,
				BB2CFFE96253344BD4D0511C /* Pods_JMFShowcase.framework in Frameworks */,
			);
			runOnlyForDeploymentPostprocessing = 0;
		};
/* End PBXFrameworksBuildPhase section */

/* Begin PBXGroup section */
		463DF307C7519D9774040585 /* Pods */ = {
			isa = PBXGroup;
			children = (
				FD4015BEAD81CC1BD1C6478C /* Pods-JMFShowcase.debug.xcconfig */,
				837AEF1AE48E5360366E7EB6 /* Pods-JMFShowcase.release.xcconfig */,
			);
			name = Pods;
			sourceTree = "<group>";
		};
		CDAFDA7BBC159D84AF4F5A1C /* Frameworks */ = {
			isa = PBXGroup;
			children = (
				8B7414D1B7C129FACE5ED0AB /* Pods_JMFShowcase.framework */,
			);
			name = Frameworks;
			sourceTree = "<group>";
		};
		D04967FE1BD12E69006E11CB = {
			isa = PBXGroup;
			children = (
				D04968091BD12E69006E11CB /* JMFShowcase */,
				D04968081BD12E69006E11CB /* Products */,
				463DF307C7519D9774040585 /* Pods */,
				CDAFDA7BBC159D84AF4F5A1C /* Frameworks */,
			);
			sourceTree = "<group>";
		};
		D04968081BD12E69006E11CB /* Products */ = {
			isa = PBXGroup;
			children = (
				D04968071BD12E69006E11CB /* JMFShowcase.app */,
			);
			name = Products;
			sourceTree = "<group>";
		};
		D04968091BD12E69006E11CB /* JMFShowcase */ = {
			isa = PBXGroup;
			children = (
				D0FE7C0A1BD187A000F6DF5A /* Services */,
				D04968351BD14C90006E11CB /* Frameworks */,
				D049682A1BD134D4006E11CB /* Utilities */,
				D049681F1BD12EA1006E11CB /* Resources */,
				D049681E1BD12E9B006E11CB /* Model */,
				D049681D1BD12E94006E11CB /* View */,
				D049681C1BD12E8C006E11CB /* Controller */,
				D049680A1BD12E69006E11CB /* AppDelegate.swift */,
				D049680E1BD12E69006E11CB /* Main.storyboard */,
				D04968111BD12E69006E11CB /* Assets.xcassets */,
				D04968131BD12E69006E11CB /* LaunchScreen.storyboard */,
				D04968161BD12E69006E11CB /* Info.plist */,
			);
			path = JMFShowcase;
			sourceTree = "<group>";
		};
		D049681C1BD12E8C006E11CB /* Controller */ = {
			isa = PBXGroup;
			children = (
				D049680C1BD12E69006E11CB /* ViewController.swift */,
				D0FE7C0D1BD26CF700F6DF5A /* FeedVC.swift */,
			);
			name = Controller;
			sourceTree = "<group>";
		};
		D049681D1BD12E94006E11CB /* View */ = {
			isa = PBXGroup;
			children = (
				D04968281BD1347C006E11CB /* MaterialView.swift */,
				D049682F1BD13C68006E11CB /* RoundedImage.swift */,
				D04968311BD13F13006E11CB /* MaterialButton.swift */,
				D04968331BD14205006E11CB /* MaterialTextField.swift */,
				D0FE7C0F1BD26DC600F6DF5A /* PostCell.swift */,
			);
			name = View;
			sourceTree = "<group>";
		};
		D049681E1BD12E9B006E11CB /* Model */ = {
			isa = PBXGroup;
			children = (
				D0FE7C111BD3EA3B00F6DF5A /* Post.swift */,
			);
			name = Model;
			sourceTree = "<group>";
		};
		D049681F1BD12EA1006E11CB /* Resources */ = {
			isa = PBXGroup;
			children = (
				D04968201BD12EE6006E11CB /* NotoSans-Bold.ttf */,
				D04968211BD12EE6006E11CB /* NotoSans-BoldItalic.ttf */,
				D04968221BD12EE6006E11CB /* NotoSans-Italic.ttf */,
				D04968231BD12EE6006E11CB /* NotoSans-Regular.ttf */,
			);
			name = Resources;
			sourceTree = "<group>";
		};
		D049682A1BD134D4006E11CB /* Utilities */ = {
			isa = PBXGroup;
			children = (
				D049682D1BD13508006E11CB /* Constants.swift */,
				D039E29F1BD53FA800E815EC /* MyCache.swift */,
			);
			name = Utilities;
			sourceTree = "<group>";
		};
		D04968351BD14C90006E11CB /* Frameworks */ = {
			isa = PBXGroup;
			children = (
				D04968361BD15648006E11CB /* Bolts.framework */,
				D04968371BD15648006E11CB /* FBSDKCoreKit.framework */,
				D04968381BD15648006E11CB /* FBSDKLoginKit.framework */,
			);
			name = Frameworks;
			sourceTree = "<group>";
		};
		D0FE7C0A1BD187A000F6DF5A /* Services */ = {
			isa = PBXGroup;
			children = (
				D0FE7C0B1BD187B400F6DF5A /* DataService.swift */,
			);
			name = Services;
			sourceTree = "<group>";
		};
/* End PBXGroup section */

/* Begin PBXNativeTarget section */
		D04968061BD12E69006E11CB /* JMFShowcase */ = {
			isa = PBXNativeTarget;
			buildConfigurationList = D04968191BD12E69006E11CB /* Build configuration list for PBXNativeTarget "JMFShowcase" */;
			buildPhases = (
				FC5FBA398FE5D711D4F9C101 /* Check Pods Manifest.lock */,
				D04968031BD12E69006E11CB /* Sources */,
				D04968041BD12E69006E11CB /* Frameworks */,
				D04968051BD12E69006E11CB /* Resources */,
				C622091517683361B39461F2 /* Embed Pods Frameworks */,
				EA423D98B9BB114B382280EE /* Copy Pods Resources */,
			);
			buildRules = (
			);
			dependencies = (
			);
			name = JMFShowcase;
			productName = JMFShowcase;
			productReference = D04968071BD12E69006E11CB /* JMFShowcase.app */;
			productType = "com.apple.product-type.application";
		};
/* End PBXNativeTarget section */

/* Begin PBXProject section */
		D04967FF1BD12E69006E11CB /* Project object */ = {
			isa = PBXProject;
			attributes = {
				LastUpgradeCheck = 0700;
				ORGANIZATIONNAME = "Justin Ferre";
				TargetAttributes = {
					D04968061BD12E69006E11CB = {
						CreatedOnToolsVersion = 7.0.1;
						DevelopmentTeam = DW2D48JLN6;
					};
				};
			};
			buildConfigurationList = D04968021BD12E69006E11CB /* Build configuration list for PBXProject "JMFShowcase" */;
			compatibilityVersion = "Xcode 3.2";
			developmentRegion = English;
			hasScannedForEncodings = 0;
			knownRegions = (
				en,
				Base,
			);
			mainGroup = D04967FE1BD12E69006E11CB;
			productRefGroup = D04968081BD12E69006E11CB /* Products */;
			projectDirPath = "";
			projectRoot = "";
			targets = (
				D04968061BD12E69006E11CB /* JMFShowcase */,
			);
		};
/* End PBXProject section */

/* Begin PBXResourcesBuildPhase section */
		D04968051BD12E69006E11CB /* Resources */ = {
			isa = PBXResourcesBuildPhase;
			buildActionMask = 2147483647;
			files = (
				D04968241BD12EE6006E11CB /* NotoSans-Bold.ttf in Resources */,
				D04968151BD12E69006E11CB /* LaunchScreen.storyboard in Resources */,
				D04968251BD12EE6006E11CB /* NotoSans-BoldItalic.ttf in Resources */,
				D04968261BD12EE6006E11CB /* NotoSans-Italic.ttf in Resources */,
				D04968121BD12E69006E11CB /* Assets.xcassets in Resources */,
				D04968101BD12E69006E11CB /* Main.storyboard in Resources */,
				D04968271BD12EE6006E11CB /* NotoSans-Regular.ttf in Resources */,
			);
			runOnlyForDeploymentPostprocessing = 0;
		};
/* End PBXResourcesBuildPhase section */

/* Begin PBXShellScriptBuildPhase section */
		C622091517683361B39461F2 /* Embed Pods Frameworks */ = {
			isa = PBXShellScriptBuildPhase;
			buildActionMask = 2147483647;
			files = (
			);
			inputPaths = (
			);
			name = "Embed Pods Frameworks";
			outputPaths = (
			);
			runOnlyForDeploymentPostprocessing = 0;
			shellPath = /bin/sh;
			shellScript = "\"${SRCROOT}/Pods/Target Support Files/Pods-JMFShowcase/Pods-JMFShowcase-frameworks.sh\"\n";
			showEnvVarsInLog = 0;
		};
		EA423D98B9BB114B382280EE /* Copy Pods Resources */ = {
			isa = PBXShellScriptBuildPhase;
			buildActionMask = 2147483647;
			files = (
			);
			inputPaths = (
			);
			name = "Copy Pods Resources";
			outputPaths = (
			);
			runOnlyForDeploymentPostprocessing = 0;
			shellPath = /bin/sh;
			shellScript = "\"${SRCROOT}/Pods/Target Support Files/Pods-JMFShowcase/Pods-JMFShowcase-resources.sh\"\n";
			showEnvVarsInLog = 0;
		};
		FC5FBA398FE5D711D4F9C101 /* Check Pods Manifest.lock */ = {
			isa = PBXShellScriptBuildPhase;
			buildActionMask = 2147483647;
			files = (
			);
			inputPaths = (
			);
			name = "Check Pods Manifest.lock";
			outputPaths = (
			);
			runOnlyForDeploymentPostprocessing = 0;
			shellPath = /bin/sh;
			shellScript = "diff \"${PODS_ROOT}/../Podfile.lock\" \"${PODS_ROOT}/Manifest.lock\" > /dev/null\nif [[ $? != 0 ]] ; then\n    cat << EOM\nerror: The sandbox is not in sync with the Podfile.lock. Run 'pod install' or update your CocoaPods installation.\nEOM\n    exit 1\nfi\n";
			showEnvVarsInLog = 0;
		};
/* End PBXShellScriptBuildPhase section */

/* Begin PBXSourcesBuildPhase section */
		D04968031BD12E69006E11CB /* Sources */ = {
			isa = PBXSourcesBuildPhase;
			buildActionMask = 2147483647;
			files = (
				D0FE7C0E1BD26CF700F6DF5A /* FeedVC.swift in Sources */,
				D0FE7C121BD3EA3B00F6DF5A /* Post.swift in Sources */,
				D04968291BD1347C006E11CB /* MaterialView.swift in Sources */,
				D049680D1BD12E69006E11CB /* ViewController.swift in Sources */,
				D04968321BD13F13006E11CB /* MaterialButton.swift in Sources */,
				D04968301BD13C68006E11CB /* RoundedImage.swift in Sources */,
				D049680B1BD12E69006E11CB /* AppDelegate.swift in Sources */,
				D049682E1BD13508006E11CB /* Constants.swift in Sources */,
				D04968341BD14205006E11CB /* MaterialTextField.swift in Sources */,
				D0FE7C0C1BD187B400F6DF5A /* DataService.swift in Sources */,
				D039E2A01BD53FA800E815EC /* MyCache.swift in Sources */,
				D0FE7C101BD26DC600F6DF5A /* PostCell.swift in Sources */,
			);
			runOnlyForDeploymentPostprocessing = 0;
		};
/* End PBXSourcesBuildPhase section */

/* Begin PBXVariantGroup section */
		D049680E1BD12E69006E11CB /* Main.storyboard */ = {
			isa = PBXVariantGroup;
			children = (
				D049680F1BD12E69006E11CB /* Base */,
			);
			name = Main.storyboard;
			sourceTree = "<group>";
		};
		D04968131BD12E69006E11CB /* LaunchScreen.storyboard */ = {
			isa = PBXVariantGroup;
			children = (
				D04968141BD12E69006E11CB /* Base */,
			);
			name = LaunchScreen.storyboard;
			sourceTree = "<group>";
		};
/* End PBXVariantGroup section */

/* Begin XCBuildConfiguration section */
		D04968171BD12E69006E11CB /* Debug */ = {
			isa = XCBuildConfiguration;
			buildSettings = {
				ALWAYS_SEARCH_USER_PATHS = NO;
				CLANG_CXX_LANGUAGE_STANDARD = "gnu++0x";
				CLANG_CXX_LIBRARY = "libc++";
				CLANG_ENABLE_MODULES = YES;
				CLANG_ENABLE_OBJC_ARC = YES;
				CLANG_WARN_BOOL_CONVERSION = YES;
				CLANG_WARN_CONSTANT_CONVERSION = YES;
				CLANG_WARN_DIRECT_OBJC_ISA_USAGE = YES_ERROR;
				CLANG_WARN_EMPTY_BODY = YES;
				CLANG_WARN_ENUM_CONVERSION = YES;
				CLANG_WARN_INT_CONVERSION = YES;
				CLANG_WARN_OBJC_ROOT_CLASS = YES_ERROR;
				CLANG_WARN_UNREACHABLE_CODE = YES;
				CLANG_WARN__DUPLICATE_METHOD_MATCH = YES;
				"CODE_SIGN_IDENTITY[sdk=iphoneos*]" = "iPhone Developer";
				COPY_PHASE_STRIP = NO;
				DEBUG_INFORMATION_FORMAT = dwarf;
				ENABLE_BITCODE = YES;
				ENABLE_STRICT_OBJC_MSGSEND = YES;
				ENABLE_TESTABILITY = YES;
				GCC_C_LANGUAGE_STANDARD = gnu99;
				GCC_DYNAMIC_NO_PIC = NO;
				GCC_NO_COMMON_BLOCKS = YES;
				GCC_OPTIMIZATION_LEVEL = 0;
				GCC_PREPROCESSOR_DEFINITIONS = (
					"DEBUG=1",
					"$(inherited)",
				);
				GCC_WARN_64_TO_32_BIT_CONVERSION = YES;
				GCC_WARN_ABOUT_RETURN_TYPE = YES_ERROR;
				GCC_WARN_UNDECLARED_SELECTOR = YES;
				GCC_WARN_UNINITIALIZED_AUTOS = YES_AGGRESSIVE;
				GCC_WARN_UNUSED_FUNCTION = YES;
				GCC_WARN_UNUSED_VARIABLE = YES;
				IPHONEOS_DEPLOYMENT_TARGET = 9.0;
				MTL_ENABLE_DEBUG_INFO = YES;
				ONLY_ACTIVE_ARCH = YES;
				SDKROOT = iphoneos;
				SWIFT_OPTIMIZATION_LEVEL = "-Onone";
				TARGETED_DEVICE_FAMILY = "1,2";
			};
			name = Debug;
		};
		D04968181BD12E69006E11CB /* Release */ = {
			isa = XCBuildConfiguration;
			buildSettings = {
				ALWAYS_SEARCH_USER_PATHS = NO;
				CLANG_CXX_LANGUAGE_STANDARD = "gnu++0x";
				CLANG_CXX_LIBRARY = "libc++";
				CLANG_ENABLE_MODULES = YES;
				CLANG_ENABLE_OBJC_ARC = YES;
				CLANG_WARN_BOOL_CONVERSION = YES;
				CLANG_WARN_CONSTANT_CONVERSION = YES;
				CLANG_WARN_DIRECT_OBJC_ISA_USAGE = YES_ERROR;
				CLANG_WARN_EMPTY_BODY = YES;
				CLANG_WARN_ENUM_CONVERSION = YES;
				CLANG_WARN_INT_CONVERSION = YES;
				CLANG_WARN_OBJC_ROOT_CLASS = YES_ERROR;
				CLANG_WARN_UNREACHABLE_CODE = YES;
				CLANG_WARN__DUPLICATE_METHOD_MATCH = YES;
				"CODE_SIGN_IDENTITY[sdk=iphoneos*]" = "iPhone Developer";
				COPY_PHASE_STRIP = NO;
				DEBUG_INFORMATION_FORMAT = "dwarf-with-dsym";
				ENABLE_BITCODE = YES;
				ENABLE_NS_ASSERTIONS = NO;
				ENABLE_STRICT_OBJC_MSGSEND = YES;
				GCC_C_LANGUAGE_STANDARD = gnu99;
				GCC_NO_COMMON_BLOCKS = YES;
				GCC_WARN_64_TO_32_BIT_CONVERSION = YES;
				GCC_WARN_ABOUT_RETURN_TYPE = YES_ERROR;
				GCC_WARN_UNDECLARED_SELECTOR = YES;
				GCC_WARN_UNINITIALIZED_AUTOS = YES_AGGRESSIVE;
				GCC_WARN_UNUSED_FUNCTION = YES;
				GCC_WARN_UNUSED_VARIABLE = YES;
				IPHONEOS_DEPLOYMENT_TARGET = 9.0;
				MTL_ENABLE_DEBUG_INFO = NO;
				SDKROOT = iphoneos;
				TARGETED_DEVICE_FAMILY = "1,2";
				VALIDATE_PRODUCT = YES;
			};
			name = Release;
		};
		D049681A1BD12E69006E11CB /* Debug */ = {
			isa = XCBuildConfiguration;
			baseConfigurationReference = FD4015BEAD81CC1BD1C6478C /* Pods-JMFShowcase.debug.xcconfig */;
			buildSettings = {
				ASSETCATALOG_COMPILER_APPICON_NAME = AppIcon;
				FRAMEWORK_SEARCH_PATHS = (
					"$(inherited)",
					"$(PROJECT_DIR)/JMFShowcase",
				);
				INFOPLIST_FILE = JMFShowcase/Info.plist;
				LD_RUNPATH_SEARCH_PATHS = "$(inherited) @executable_path/Frameworks";
				PRODUCT_BUNDLE_IDENTIFIER = justinferre.JMFShowcase;
				PRODUCT_NAME = "$(TARGET_NAME)";
			};
			name = Debug;
		};
		D049681B1BD12E69006E11CB /* Release */ = {
			isa = XCBuildConfiguration;
			baseConfigurationReference = 837AEF1AE48E5360366E7EB6 /* Pods-JMFShowcase.release.xcconfig */;
			buildSettings = {
				ASSETCATALOG_COMPILER_APPICON_NAME = AppIcon;
				FRAMEWORK_SEARCH_PATHS = (
					"$(inherited)",
					"$(PROJECT_DIR)/JMFShowcase",
				);
				INFOPLIST_FILE = JMFShowcase/Info.plist;
				LD_RUNPATH_SEARCH_PATHS = "$(inherited) @executable_path/Frameworks";
				PRODUCT_BUNDLE_IDENTIFIER = justinferre.JMFShowcase;
				PRODUCT_NAME = "$(TARGET_NAME)";
			};
			name = Release;
		};
/* End XCBuildConfiguration section */

/* Begin XCConfigurationList section */
		D04968021BD12E69006E11CB /* Build configuration list for PBXProject "JMFShowcase" */ = {
			isa = XCConfigurationList;
			buildConfigurations = (
				D04968171BD12E69006E11CB /* Debug */,
				D04968181BD12E69006E11CB /* Release */,
			);
			defaultConfigurationIsVisible = 0;
			defaultConfigurationName = Release;
		};
		D04968191BD12E69006E11CB /* Build configuration list for PBXNativeTarget "JMFShowcase" */ = {
			isa = XCConfigurationList;
			buildConfigurations = (
				D049681A1BD12E69006E11CB /* Debug */,
				D049681B1BD12E69006E11CB /* Release */,
			);
			defaultConfigurationIsVisible = 0;
			defaultConfigurationName = Release;
		};
/* End XCConfigurationList section */
	};
	rootObject = D04967FF1BD12E69006E11CB /* Project object */;
}
